%{
  "earmark": {:hex, :earmark, "1.4.48", "5f41e579d85ef812351211842b6e005f6e0cef111216dea7d4b9d58af4608434", [:mix], [], "hexpm", "a461a0ddfdc5432381c876af1c86c411fd78a25790c75023c7a4c035fdc858f9"},
  "floki": {:hex, :floki, "0.38.1", "f002ccac94b3bcb21d40d9b34cc2cc9fd88a8311879120330075b5dde657ebee", [:mix], [], "hexpm", "e744bf0db7ee34b2c8b62767f04071107af0516a81144b9a2f73fe0494200e5b"},
  "folio": {:hex, :folio, "0.2.3", "b0d1effdd1085ce463686baab12ac08331fcbda723c876ac8a10e9d9aab42897", [:mix], [{:rustler, "~> 0.37", [hex: :rustler, repo: "hexpm", optional: true]}, {:rustler_precompiled, "~> 0.8", [hex: :rustler_precompiled, repo: "hexpm", optional: false]}], "hexpm", "7b78384e3d95534a5073e3ba4dad013ed8ecf062f7be384bb9382c9931f047b4"},
  "jason": {:hex, :jason, "1.4.5", "2e3a008590b0b8d7388c20293e9dcc9cf3e5d642fd2a114e4cbbb52e595d940a", [:mix], [{:decimal, "~> 1.0 or ~> 2.0 or ~> 3.0", [hex: :decimal, repo: "hexpm", optional: true]}], "hexpm", "b0c823996102bcd0239b3c2444eb00409b72f6a140c1950bc8b457d836b30684"},
  "rustler_precompiled": {:hex, :rustler_precompiled, "0.9.0", "3a052eda09f3d2436364645cc1f13279cf95db310eb0c17b0d8f25484b233aa0", [:mix], [{:rustler, "~> 0.23", [hex: :rustler, repo: "hexpm", optional: true]}], "hexpm", "471d97315bd3bf7b64623418b3693eedd8e47de3d1cb79a0ac8f9da7d770d94c"},
  "table": {:hex, :table, "0.1.2", "87ad1125f5b70c5dea0307aa633194083eb5182ec537efc94e96af08937e14a8", [:mix], [], "hexpm", "7e99bc7efef806315c7e65640724bf165c3061cdc5d854060f74468367065029"},
  "vega_lite": {:hex, :vega_lite, "0.1.11", "2b261d21618f6fa9f63bb4542f0262982d2e40aea3f83e935788fe172902b3c2", [:mix], [{:table, "~> 0.1.0", [hex: :table, repo: "hexpm", optional: false]}], "hexpm", "d18c3f11369c14bdf36ab53010c06bf5505c221cbcb32faac7420cf6926b3c50"},
  "vega_lite_convert": {:hex, :vega_lite_convert, "1.0.1", "1cc0309998c10bce9d944ae631938a433e9cad4ccf7344f9a192d9ddcab1bd93", [:mix], [{:jason, "~> 1.4", [hex: :jason, repo: "hexpm", optional: false]}, {:rustler, ">= 0.0.0", [hex: :rustler, repo: "hexpm", optional: true]}, {:rustler_precompiled, "~> 0.4", [hex: :rustler_precompiled, repo: "hexpm", optional: false]}, {:vega_lite, ">= 0.0.0", [hex: :vega_lite, repo: "hexpm", optional: false]}], "hexpm", "1e12b4ef3943510d3597e4876a10c6ab333b8ee71204b5e571605d80aa3cbd76"},
}
